
Microsoft Visual Studio Solution File, Format Version 12.00
# Visual Studio Version 16
VisualStudioVersion = 16.0.29920.165
MinimumVisualStudioVersion = 10.0.40219.1
Project("{FAE04EC0-301F-11D3-BF4B-00C04F79EFBC}") = "WindowsFormsApp1", "WindowsFormsApp1\WindowsFormsApp1.csproj", "{3DB4083F-431C-4429-B2F1-C8DC68F7D406}"
EndProject
Global
	GlobalSection(SolutionConfigurationPlatforms) = preSolution
		Debug|Any CPU = Debug|Any CPU
		Release|Any CPU = Release|Any CPU
	EndGlobalSection
	GlobalSection(ProjectConfigurationPlatforms) = postSolution
		{3DB4083F-431C-4429-B2F1-C8DC68F7D406}.Debug|Any CPU.ActiveCfg = Debug|Any CPU
		{3DB4083F-431C-4429-B2F1-C8DC68F7D406}.Debug|Any CPU.Build.0 = Debug|Any CPU
		{3DB4083F-431C-4429-B2F1-C8DC68F7D406}.Release|Any CPU.ActiveCfg = Release|Any CPU
		{3DB4083F-431C-4429-B2F1-C8DC68F7D406}.Release|Any CPU.Build.0 = Release|Any CPU
	EndGlobalSection
	GlobalSection(SolutionProperties) = preSolution
		HideSolutionNode = FALSE
	EndGlobalSection
	GlobalSection(ExtensibilityGlobals) = postSolution
		SolutionGuid = {ECA0B9BB-EE30-4F11-ACD1-118DB8C1F581}
	EndGlobalSection
EndGlobal
